// !$*UTF8*$!
{
	archiveVersion = 1;
	classes = {
	};
	objectVersion = 50;
	objects = {

/* Begin PBXBuildFile section */
		EAA6CA552376B67C00EE34B8 /* BaseCell.swift in Sources */ = {isa = PBXBuildFile; fileRef = EAA6CA542376B67C00EE34B8 /* BaseCell.swift */; };
		EAA6CA572376B8F400EE34B8 /* UIStackView+Extension.swift in Sources */ = {isa = PBXBuildFile; fileRef = EAA6CA562376B8F400EE34B8 /* UIStackView+Extension.swift */; };
		EAD2EE132375699200BE1FB3 /* AppDelegate.swift in Sources */ = {isa = PBXBuildFile; fileRef = EAD2EE122375699200BE1FB3 /* AppDelegate.swift */; };
		EAD2EE152375699200BE1FB3 /* SceneDelegate.swift in Sources */ = {isa = PBXBuildFile; fileRef = EAD2EE142375699200BE1FB3 /* SceneDelegate.swift */; };
		EAD2EE172375699200BE1FB3 /* ViewController.swift in Sources */ = {isa = PBXBuildFile; fileRef = EAD2EE162375699200BE1FB3 /* ViewController.swift */; };
		EAD2EE1A2375699200BE1FB3 /* Main.storyboard in Resources */ = {isa = PBXBuildFile; fileRef = EAD2EE182375699200BE1FB3 /* Main.storyboard */; };
		EAD2EE1C2375699300BE1FB3 /* Assets.xcassets in Resources */ = {isa = PBXBuildFile; fileRef = EAD2EE1B2375699300BE1FB3 /* Assets.xcassets */; };
		EAD2EE1F2375699300BE1FB3 /* LaunchScreen.storyboard in Resources */ = {isa = PBXBuildFile; fileRef = EAD2EE1D2375699300BE1FB3 /* LaunchScreen.storyboard */; };
		EAD2EE2D23756AA800BE1FB3 /* UIFont+Extension.swift in Sources */ = {isa = PBXBuildFile; fileRef = EAD2EE2823756AA800BE1FB3 /* UIFont+Extension.swift */; };
		EAD2EE2F23756AA800BE1FB3 /* UILabel+Extension.swift in Sources */ = {isa = PBXBuildFile; fileRef = EAD2EE2A23756AA800BE1FB3 /* UILabel+Extension.swift */; };
		EAD2EE3023756AA800BE1FB3 /* UIView+Layout.swift in Sources */ = {isa = PBXBuildFile; fileRef = EAD2EE2B23756AA800BE1FB3 /* UIView+Layout.swift */; };
		EAD2EE3123756AA800BE1FB3 /* UIColor+Extension.swift in Sources */ = {isa = PBXBuildFile; fileRef = EAD2EE2C23756AA800BE1FB3 /* UIColor+Extension.swift */; };
		EAD2EE3423756ADD00BE1FB3 /* BaseListController.swift in Sources */ = {isa = PBXBuildFile; fileRef = EAD2EE3323756ADD00BE1FB3 /* BaseListController.swift */; };
		EAD2EE3623756B0C00BE1FB3 /* HomeController.swift in Sources */ = {isa = PBXBuildFile; fileRef = EAD2EE3523756B0C00BE1FB3 /* HomeController.swift */; };
		EAD2EE3923756BC000BE1FB3 /* packageList.json in Resources */ = {isa = PBXBuildFile; fileRef = EAD2EE3823756BC000BE1FB3 /* packageList.json */; };
		EAD2EE3C23756DC000BE1FB3 /* Service.swift in Sources */ = {isa = PBXBuildFile; fileRef = EAD2EE3B23756DC000BE1FB3 /* Service.swift */; };
		EAD2EE3F23756F6400BE1FB3 /* Package.swift in Sources */ = {isa = PBXBuildFile; fileRef = EAD2EE3E23756F6400BE1FB3 /* Package.swift */; };
		EAD2EE42237576A100BE1FB3 /* PackageCell.swift in Sources */ = {isa = PBXBuildFile; fileRef = EAD2EE41237576A100BE1FB3 /* PackageCell.swift */; };
		EAD2EE442375EAD400BE1FB3 /* CAGradientLayer+Extension.swift in Sources */ = {isa = PBXBuildFile; fileRef = EAD2EE432375EAD400BE1FB3 /* CAGradientLayer+Extension.swift */; };
		EAD2EE462375F89200BE1FB3 /* Constant.swift in Sources */ = {isa = PBXBuildFile; fileRef = EAD2EE452375F89100BE1FB3 /* Constant.swift */; };
		EAD2EE4A2375FEB500BE1FB3 /* VerticalStackView.swift in Sources */ = {isa = PBXBuildFile; fileRef = EAD2EE492375FEB500BE1FB3 /* VerticalStackView.swift */; };
		EAD2EE4E2375FF7E00BE1FB3 /* UIImageView+Extension.swift in Sources */ = {isa = PBXBuildFile; fileRef = EAD2EE4D2375FF7E00BE1FB3 /* UIImageView+Extension.swift */; };
/* End PBXBuildFile section */

/* Begin PBXFileReference section */
		EAA6CA542376B67C00EE34B8 /* BaseCell.swift */ = {isa = PBXFileReference; lastKnownFileType = sourcecode.swift; path = BaseCell.swift; sourceTree = "<group>"; };
		EAA6CA562376B8F400EE34B8 /* UIStackView+Extension.swift */ = {isa = PBXFileReference; lastKnownFileType = sourcecode.swift; path = "UIStackView+Extension.swift"; sourceTree = "<group>"; };
		EAD2EE0F2375699200BE1FB3 /* PackagesAndTariffs.app */ = {isa = PBXFileReference; explicitFileType = wrapper.application; includeInIndex = 0; path = PackagesAndTariffs.app; sourceTree = BUILT_PRODUCTS_DIR; };
		EAD2EE122375699200BE1FB3 /* AppDelegate.swift */ = {isa = PBXFileReference; lastKnownFileType = sourcecode.swift; path = AppDelegate.swift; sourceTree = "<group>"; };
		EAD2EE142375699200BE1FB3 /* SceneDelegate.swift */ = {isa = PBXFileReference; lastKnownFileType = sourcecode.swift; path = SceneDelegate.swift; sourceTree = "<group>"; };
		EAD2EE162375699200BE1FB3 /* ViewController.swift */ = {isa = PBXFileReference; lastKnownFileType = sourcecode.swift; path = ViewController.swift; sourceTree = "<group>"; };
		EAD2EE192375699200BE1FB3 /* Base */ = {isa = PBXFileReference; lastKnownFileType = file.storyboard; name = Base; path = Base.lproj/Main.storyboard; sourceTree = "<group>"; };
		EAD2EE1B2375699300BE1FB3 /* Assets.xcassets */ = {isa = PBXFileReference; lastKnownFileType = folder.assetcatalog; path = Assets.xcassets; sourceTree = "<group>"; };
		EAD2EE1E2375699300BE1FB3 /* Base */ = {isa = PBXFileReference; lastKnownFileType = file.storyboard; name = Base; path = Base.lproj/LaunchScreen.storyboard; sourceTree = "<group>"; };
		EAD2EE202375699300BE1FB3 /* Info.plist */ = {isa = PBXFileReference; lastKnownFileType = text.plist.xml; path = Info.plist; sourceTree = "<group>"; };
		EAD2EE2823756AA800BE1FB3 /* UIFont+Extension.swift */ = {isa = PBXFileReference; fileEncoding = 4; lastKnownFileType = sourcecode.swift; path = "UIFont+Extension.swift"; sourceTree = "<group>"; };
		EAD2EE2A23756AA800BE1FB3 /* UILabel+Extension.swift */ = {isa = PBXFileReference; fileEncoding = 4; lastKnownFileType = sourcecode.swift; path = "UILabel+Extension.swift"; sourceTree = "<group>"; };
		EAD2EE2B23756AA800BE1FB3 /* UIView+Layout.swift */ = {isa = PBXFileReference; fileEncoding = 4; lastKnownFileType = sourcecode.swift; path = "UIView+Layout.swift"; sourceTree = "<group>"; };
		EAD2EE2C23756AA800BE1FB3 /* UIColor+Extension.swift */ = {isa = PBXFileReference; fileEncoding = 4; lastKnownFileType = sourcecode.swift; path = "UIColor+Extension.swift"; sourceTree = "<group>"; };
		EAD2EE3323756ADD00BE1FB3 /* BaseListController.swift */ = {isa = PBXFileReference; fileEncoding = 4; lastKnownFileType = sourcecode.swift; path = BaseListController.swift; sourceTree = "<group>"; };
		EAD2EE3523756B0C00BE1FB3 /* HomeController.swift */ = {isa = PBXFileReference; lastKnownFileType = sourcecode.swift; path = HomeController.swift; sourceTree = "<group>"; };
		EAD2EE3823756BC000BE1FB3 /* packageList.json */ = {isa = PBXFileReference; fileEncoding = 4; lastKnownFileType = text.json; path = packageList.json; sourceTree = "<group>"; };
		EAD2EE3B23756DC000BE1FB3 /* Service.swift */ = {isa = PBXFileReference; lastKnownFileType = sourcecode.swift; path = Service.swift; sourceTree = "<group>"; };
		EAD2EE3E23756F6400BE1FB3 /* Package.swift */ = {isa = PBXFileReference; lastKnownFileType = sourcecode.swift; path = Package.swift; sourceTree = "<group>"; };
		EAD2EE41237576A100BE1FB3 /* PackageCell.swift */ = {isa = PBXFileReference; lastKnownFileType = sourcecode.swift; path = PackageCell.swift; sourceTree = "<group>"; };
		EAD2EE432375EAD400BE1FB3 /* CAGradientLayer+Extension.swift */ = {isa = PBXFileReference; lastKnownFileType = sourcecode.swift; path = "CAGradientLayer+Extension.swift"; sourceTree = "<group>"; };
		EAD2EE452375F89100BE1FB3 /* Constant.swift */ = {isa = PBXFileReference; fileEncoding = 4; lastKnownFileType = sourcecode.swift; path = Constant.swift; sourceTree = "<group>"; };
		EAD2EE492375FEB500BE1FB3 /* VerticalStackView.swift */ = {isa = PBXFileReference; lastKnownFileType = sourcecode.swift; path = VerticalStackView.swift; sourceTree = "<group>"; };
		EAD2EE4D2375FF7E00BE1FB3 /* UIImageView+Extension.swift */ = {isa = PBXFileReference; lastKnownFileType = sourcecode.swift; path = "UIImageView+Extension.swift"; sourceTree = "<group>"; };
/* End PBXFileReference section */

/* Begin PBXFrameworksBuildPhase section */
		EAD2EE0C2375699200BE1FB3 /* Frameworks */ = {
			isa = PBXFrameworksBuildPhase;
			buildActionMask = 2147483647;
			files = (
			);
			runOnlyForDeploymentPostprocessing = 0;
		};
/* End PBXFrameworksBuildPhase section */

/* Begin PBXGroup section */
		EAD2EE062375699100BE1FB3 = {
			isa = PBXGroup;
			children = (
				EAD2EE112375699200BE1FB3 /* PackagesAndTariffs */,
				EAD2EE102375699200BE1FB3 /* Products */,
			);
			sourceTree = "<group>";
		};
		EAD2EE102375699200BE1FB3 /* Products */ = {
			isa = PBXGroup;
			children = (
				EAD2EE0F2375699200BE1FB3 /* PackagesAndTariffs.app */,
			);
			name = Products;
			sourceTree = "<group>";
		};
		EAD2EE112375699200BE1FB3 /* PackagesAndTariffs */ = {
			isa = PBXGroup;
			children = (
				EAD2EE3723756BA700BE1FB3 /* DataFiles */,
				EAD2EE3D23756F2E00BE1FB3 /* Model */,
				EAD2EE3A23756DAC00BE1FB3 /* Service */,
				EAD2EE402375768000BE1FB3 /* View */,
				EAD2EE3223756ACF00BE1FB3 /* Home */,
				EAD2EE2723756A8400BE1FB3 /* Helpers */,
				EAD2EE142375699200BE1FB3 /* SceneDelegate.swift */,
				EAD2EE182375699200BE1FB3 /* Main.storyboard */,
				EAD2EE1B2375699300BE1FB3 /* Assets.xcassets */,
				EAD2EE202375699300BE1FB3 /* Info.plist */,
				EAD2EE2623756A5600BE1FB3 /* Supporting Files */,
			);
			path = PackagesAndTariffs;
			sourceTree = "<group>";
		};
		EAD2EE2623756A5600BE1FB3 /* Supporting Files */ = {
			isa = PBXGroup;
			children = (
				EAD2EE122375699200BE1FB3 /* AppDelegate.swift */,
				EAD2EE162375699200BE1FB3 /* ViewController.swift */,
				EAD2EE1D2375699300BE1FB3 /* LaunchScreen.storyboard */,
			);
			path = "Supporting Files";
			sourceTree = "<group>";
		};
		EAD2EE2723756A8400BE1FB3 /* Helpers */ = {
			isa = PBXGroup;
			children = (
				EAD2EE2C23756AA800BE1FB3 /* UIColor+Extension.swift */,
				EAD2EE2823756AA800BE1FB3 /* UIFont+Extension.swift */,
				EAD2EE2A23756AA800BE1FB3 /* UILabel+Extension.swift */,
				EAD2EE452375F89100BE1FB3 /* Constant.swift */,
				EAD2EE2B23756AA800BE1FB3 /* UIView+Layout.swift */,
				EAD2EE432375EAD400BE1FB3 /* CAGradientLayer+Extension.swift */,
				EAD2EE492375FEB500BE1FB3 /* VerticalStackView.swift */,
				EAA6CA562376B8F400EE34B8 /* UIStackView+Extension.swift */,
				EAD2EE4D2375FF7E00BE1FB3 /* UIImageView+Extension.swift */,
			);
			path = Helpers;
			sourceTree = "<group>";
		};
		EAD2EE3223756ACF00BE1FB3 /* Home */ = {
			isa = PBXGroup;
			children = (
				EAD2EE3323756ADD00BE1FB3 /* BaseListController.swift */,
				EAD2EE3523756B0C00BE1FB3 /* HomeController.swift */,
			);
			path = Home;
			sourceTree = "<group>";
		};
		EAD2EE3723756BA700BE1FB3 /* DataFiles */ = {
			isa = PBXGroup;
			children = (
				EAD2EE3823756BC000BE1FB3 /* packageList.json */,
			);
			path = DataFiles;
			sourceTree = "<group>";
		};
		EAD2EE3A23756DAC00BE1FB3 /* Service */ = {
			isa = PBXGroup;
			children = (
				EAD2EE3B23756DC000BE1FB3 /* Service.swift */,
			);
			path = Service;
			sourceTree = "<group>";
		};
		EAD2EE3D23756F2E00BE1FB3 /* Model */ = {
			isa = PBXGroup;
			children = (
				EAD2EE3E23756F6400BE1FB3 /* Package.swift */,
			);
			path = Model;
			sourceTree = "<group>";
		};
		EAD2EE402375768000BE1FB3 /* View */ = {
			isa = PBXGroup;
			children = (
				EAD2EE41237576A100BE1FB3 /* PackageCell.swift */,
				EAA6CA542376B67C00EE34B8 /* BaseCell.swift */,
			);
			path = View;
			sourceTree = "<group>";
		};
/* End PBXGroup section */

/* Begin PBXNativeTarget section */
		EAD2EE0E2375699200BE1FB3 /* PackagesAndTariffs */ = {
			isa = PBXNativeTarget;
			buildConfigurationList = EAD2EE232375699300BE1FB3 /* Build configuration list for PBXNativeTarget "PackagesAndTariffs" */;
			buildPhases = (
				EAD2EE0B2375699200BE1FB3 /* Sources */,
				EAD2EE0C2375699200BE1FB3 /* Frameworks */,
				EAD2EE0D2375699200BE1FB3 /* Resources */,
			);
			buildRules = (
			);
			dependencies = (
			);
			name = PackagesAndTariffs;
			productName = PackagesAndTariffs;
			productReference = EAD2EE0F2375699200BE1FB3 /* PackagesAndTariffs.app */;
			productType = "com.apple.product-type.application";
		};
/* End PBXNativeTarget section */

/* Begin PBXProject section */
		EAD2EE072375699100BE1FB3 /* Project object */ = {
			isa = PBXProject;
			attributes = {
				LastSwiftUpdateCheck = 1120;
				LastUpgradeCheck = 1120;
				ORGANIZATIONNAME = "Ekrem TAŞKIRAN";
				TargetAttributes = {
					EAD2EE0E2375699200BE1FB3 = {
						CreatedOnToolsVersion = 11.2;
					};
				};
			};
			buildConfigurationList = EAD2EE0A2375699100BE1FB3 /* Build configuration list for PBXProject "PackagesAndTariffs" */;
			compatibilityVersion = "Xcode 9.3";
			developmentRegion = en;
			hasScannedForEncodings = 0;
			knownRegions = (
				en,
				Base,
			);
			mainGroup = EAD2EE062375699100BE1FB3;
			productRefGroup = EAD2EE102375699200BE1FB3 /* Products */;
			projectDirPath = "";
			projectRoot = "";
			targets = (
				EAD2EE0E2375699200BE1FB3 /* PackagesAndTariffs */,
			);
		};
/* End PBXProject section */

/* Begin PBXResourcesBuildPhase section */
		EAD2EE0D2375699200BE1FB3 /* Resources */ = {
			isa = PBXResourcesBuildPhase;
			buildActionMask = 2147483647;
			files = (
				EAD2EE3923756BC000BE1FB3 /* packageList.json in Resources */,
				EAD2EE1F2375699300BE1FB3 /* LaunchScreen.storyboard in Resources */,
				EAD2EE1C2375699300BE1FB3 /* Assets.xcassets in Resources */,
				EAD2EE1A2375699200BE1FB3 /* Main.storyboard in Resources */,
			);
			runOnlyForDeploymentPostprocessing = 0;
		};
/* End PBXResourcesBuildPhase section */

/* Begin PBXSourcesBuildPhase section */
		EAD2EE0B2375699200BE1FB3 /* Sources */ = {
			isa = PBXSourcesBuildPhase;
			buildActionMask = 2147483647;
			files = (
				EAD2EE172375699200BE1FB3 /* ViewController.swift in Sources */,
				EAD2EE132375699200BE1FB3 /* AppDelegate.swift in Sources */,
				EAD2EE2F23756AA800BE1FB3 /* UILabel+Extension.swift in Sources */,
				EAD2EE2D23756AA800BE1FB3 /* UIFont+Extension.swift in Sources */,
				EAD2EE4A2375FEB500BE1FB3 /* VerticalStackView.swift in Sources */,
				EAA6CA572376B8F400EE34B8 /* UIStackView+Extension.swift in Sources */,
				EAD2EE42237576A100BE1FB3 /* PackageCell.swift in Sources */,
				EAD2EE3023756AA800BE1FB3 /* UIView+Layout.swift in Sources */,
				EAD2EE3623756B0C00BE1FB3 /* HomeController.swift in Sources */,
				EAD2EE462375F89200BE1FB3 /* Constant.swift in Sources */,
				EAD2EE152375699200BE1FB3 /* SceneDelegate.swift in Sources */,
				EAD2EE4E2375FF7E00BE1FB3 /* UIImageView+Extension.swift in Sources */,
				EAA6CA552376B67C00EE34B8 /* BaseCell.swift in Sources */,
				EAD2EE442375EAD400BE1FB3 /* CAGradientLayer+Extension.swift in Sources */,
				EAD2EE3C23756DC000BE1FB3 /* Service.swift in Sources */,
				EAD2EE3423756ADD00BE1FB3 /* BaseListController.swift in Sources */,
				EAD2EE3F23756F6400BE1FB3 /* Package.swift in Sources */,
				EAD2EE3123756AA800BE1FB3 /* UIColor+Extension.swift in Sources */,
			);
			runOnlyForDeploymentPostprocessing = 0;
		};
/* End PBXSourcesBuildPhase section */

/* Begin PBXVariantGroup section */
		EAD2EE182375699200BE1FB3 /* Main.storyboard */ = {
			isa = PBXVariantGroup;
			children = (
				EAD2EE192375699200BE1FB3 /* Base */,
			);
			name = Main.storyboard;
			sourceTree = "<group>";
		};
		EAD2EE1D2375699300BE1FB3 /* LaunchScreen.storyboard */ = {
			isa = PBXVariantGroup;
			children = (
				EAD2EE1E2375699300BE1FB3 /* Base */,
			);
			name = LaunchScreen.storyboard;
			sourceTree = "<group>";
		};
/* End PBXVariantGroup section */

/* Begin XCBuildConfiguration section */
		EAD2EE212375699300BE1FB3 /* Debug */ = {
			isa = XCBuildConfiguration;
			buildSettings = {
				ALWAYS_SEARCH_USER_PATHS = NO;
				CLANG_ANALYZER_NONNULL = YES;
				CLANG_ANALYZER_NUMBER_OBJECT_CONVERSION = YES_AGGRESSIVE;
				CLANG_CXX_LANGUAGE_STANDARD = "gnu++14";
				CLANG_CXX_LIBRARY = "libc++";
				CLANG_ENABLE_MODULES = YES;
				CLANG_ENABLE_OBJC_ARC = YES;
				CLANG_ENABLE_OBJC_WEAK = YES;
				CLANG_WARN_BLOCK_CAPTURE_AUTORELEASING = YES;
				CLANG_WARN_BOOL_CONVERSION = YES;
				CLANG_WARN_COMMA = YES;
				CLANG_WARN_CONSTANT_CONVERSION = YES;
				CLANG_WARN_DEPRECATED_OBJC_IMPLEMENTATIONS = YES;
				CLANG_WARN_DIRECT_OBJC_ISA_USAGE = YES_ERROR;
				CLANG_WARN_DOCUMENTATION_COMMENTS = YES;
				CLANG_WARN_EMPTY_BODY = YES;
				CLANG_WARN_ENUM_CONVERSION = YES;
				CLANG_WARN_INFINITE_RECURSION = YES;
				CLANG_WARN_INT_CONVERSION = YES;
				CLANG_WARN_NON_LITERAL_NULL_CONVERSION = YES;
				CLANG_WARN_OBJC_IMPLICIT_RETAIN_SELF = YES;
				CLANG_WARN_OBJC_LITERAL_CONVERSION = YES;
				CLANG_WARN_OBJC_ROOT_CLASS = YES_ERROR;
				CLANG_WARN_RANGE_LOOP_ANALYSIS = YES;
				CLANG_WARN_STRICT_PROTOTYPES = YES;
				CLANG_WARN_SUSPICIOUS_MOVE = YES;
				CLANG_WARN_UNGUARDED_AVAILABILITY = YES_AGGRESSIVE;
				CLANG_WARN_UNREACHABLE_CODE = YES;
				CLANG_WARN__DUPLICATE_METHOD_MATCH = YES;
				COPY_PHASE_STRIP = NO;
				DEBUG_INFORMATION_FORMAT = dwarf;
				ENABLE_STRICT_OBJC_MSGSEND = YES;
				ENABLE_TESTABILITY = YES;
				GCC_C_LANGUAGE_STANDARD = gnu11;
				GCC_DYNAMIC_NO_PIC = NO;
				GCC_NO_COMMON_BLOCKS = YES;
				GCC_OPTIMIZATION_LEVEL = 0;
				GCC_PREPROCESSOR_DEFINITIONS = (
					"DEBUG=1",
					"$(inherited)",
				);
				GCC_WARN_64_TO_32_BIT_CONVERSION = YES;
				GCC_WARN_ABOUT_RETURN_TYPE = YES_ERROR;
				GCC_WARN_UNDECLARED_SELECTOR = YES;
				GCC_WARN_UNINITIALIZED_AUTOS = YES_AGGRESSIVE;
				GCC_WARN_UNUSED_FUNCTION = YES;
				GCC_WARN_UNUSED_VARIABLE = YES;
				IPHONEOS_DEPLOYMENT_TARGET = 13.2;
				MTL_ENABLE_DEBUG_INFO = INCLUDE_SOURCE;
				MTL_FAST_MATH = YES;
				ONLY_ACTIVE_ARCH = YES;
				SDKROOT = iphoneos;
				SWIFT_ACTIVE_COMPILATION_CONDITIONS = DEBUG;
				SWIFT_OPTIMIZATION_LEVEL = "-Onone";
			};
			name = Debug;
		};
		EAD2EE222375699300BE1FB3 /* Release */ = {
			isa = XCBuildConfiguration;
			buildSettings = {
				ALWAYS_SEARCH_USER_PATHS = NO;
				CLANG_ANALYZER_NONNULL = YES;
				CLANG_ANALYZER_NUMBER_OBJECT_CONVERSION = YES_AGGRESSIVE;
				CLANG_CXX_LANGUAGE_STANDARD = "gnu++14";
				CLANG_CXX_LIBRARY = "libc++";
				CLANG_ENABLE_MODULES = YES;
				CLANG_ENABLE_OBJC_ARC = YES;
				CLANG_ENABLE_OBJC_WEAK = YES;
				CLANG_WARN_BLOCK_CAPTURE_AUTORELEASING = YES;
				CLANG_WARN_BOOL_CONVERSION = YES;
				CLANG_WARN_COMMA = YES;
				CLANG_WARN_CONSTANT_CONVERSION = YES;
				CLANG_WARN_DEPRECATED_OBJC_IMPLEMENTATIONS = YES;
				CLANG_WARN_DIRECT_OBJC_ISA_USAGE = YES_ERROR;
				CLANG_WARN_DOCUMENTATION_COMMENTS = YES;
				CLANG_WARN_EMPTY_BODY = YES;
				CLANG_WARN_ENUM_CONVERSION = YES;
				CLANG_WARN_INFINITE_RECURSION = YES;
				CLANG_WARN_INT_CONVERSION = YES;
				CLANG_WARN_NON_LITERAL_NULL_CONVERSION = YES;
				CLANG_WARN_OBJC_IMPLICIT_RETAIN_SELF = YES;
				CLANG_WARN_OBJC_LITERAL_CONVERSION = YES;
				CLANG_WARN_OBJC_ROOT_CLASS = YES_ERROR;
				CLANG_WARN_RANGE_LOOP_ANALYSIS = YES;
				CLANG_WARN_STRICT_PROTOTYPES = YES;
				CLANG_WARN_SUSPICIOUS_MOVE = YES;
				CLANG_WARN_UNGUARDED_AVAILABILITY = YES_AGGRESSIVE;
				CLANG_WARN_UNREACHABLE_CODE = YES;
				CLANG_WARN__DUPLICATE_METHOD_MATCH = YES;
				COPY_PHASE_STRIP = NO;
				DEBUG_INFORMATION_FORMAT = "dwarf-with-dsym";
				ENABLE_NS_ASSERTIONS = NO;
				ENABLE_STRICT_OBJC_MSGSEND = YES;
				GCC_C_LANGUAGE_STANDARD = gnu11;
				GCC_NO_COMMON_BLOCKS = YES;
				GCC_WARN_64_TO_32_BIT_CONVERSION = YES;
				GCC_WARN_ABOUT_RETURN_TYPE = YES_ERROR;
				GCC_WARN_UNDECLARED_SELECTOR = YES;
				GCC_WARN_UNINITIALIZED_AUTOS = YES_AGGRESSIVE;
				GCC_WARN_UNUSED_FUNCTION = YES;
				GCC_WARN_UNUSED_VARIABLE = YES;
				IPHONEOS_DEPLOYMENT_TARGET = 13.2;
				MTL_ENABLE_DEBUG_INFO = NO;
				MTL_FAST_MATH = YES;
				SDKROOT = iphoneos;
				SWIFT_COMPILATION_MODE = wholemodule;
				SWIFT_OPTIMIZATION_LEVEL = "-O";
				VALIDATE_PRODUCT = YES;
			};
			name = Release;
		};
		EAD2EE242375699300BE1FB3 /* Debug */ = {
			isa = XCBuildConfiguration;
			buildSettings = {
				ASSETCATALOG_COMPILER_APPICON_NAME = AppIcon;
				CODE_SIGN_STYLE = Automatic;
				DEVELOPMENT_TEAM = JES6KDUZ5B;
				INFOPLIST_FILE = PackagesAndTariffs/Info.plist;
				LD_RUNPATH_SEARCH_PATHS = (
					"$(inherited)",
					"@executable_path/Frameworks",
				);
				PRODUCT_BUNDLE_IDENTIFIER = com.perpeer.PackagesAndTariffs;
				PRODUCT_NAME = "$(TARGET_NAME)";
				SWIFT_VERSION = 5.0;
				TARGETED_DEVICE_FAMILY = "1,2";
			};
			name = Debug;
		};
		EAD2EE252375699300BE1FB3 /* Release */ = {
			isa = XCBuildConfiguration;
			buildSettings = {
				ASSETCATALOG_COMPILER_APPICON_NAME = AppIcon;
				CODE_SIGN_STYLE = Automatic;
				DEVELOPMENT_TEAM = JES6KDUZ5B;
				INFOPLIST_FILE = PackagesAndTariffs/Info.plist;
				LD_RUNPATH_SEARCH_PATHS = (
					"$(inherited)",
					"@executable_path/Frameworks",
				);
				PRODUCT_BUNDLE_IDENTIFIER = com.perpeer.PackagesAndTariffs;
				PRODUCT_NAME = "$(TARGET_NAME)";
				SWIFT_VERSION = 5.0;
				TARGETED_DEVICE_FAMILY = "1,2";
			};
			name = Release;
		};
/* End XCBuildConfiguration section */

/* Begin XCConfigurationList section */
		EAD2EE0A2375699100BE1FB3 /* Build configuration list for PBXProject "PackagesAndTariffs" */ = {
			isa = XCConfigurationList;
			buildConfigurations = (
				EAD2EE212375699300BE1FB3 /* Debug */,
				EAD2EE222375699300BE1FB3 /* Release */,
			);
			defaultConfigurationIsVisible = 0;
			defaultConfigurationName = Release;
		};
		EAD2EE232375699300BE1FB3 /* Build configuration list for PBXNativeTarget "PackagesAndTariffs" */ = {
			isa = XCConfigurationList;
			buildConfigurations = (
				EAD2EE242375699300BE1FB3 /* Debug */,
				EAD2EE252375699300BE1FB3 /* Release */,
			);
			defaultConfigurationIsVisible = 0;
			defaultConfigurationName = Release;
		};
/* End XCConfigurationList section */
	};
	rootObject = EAD2EE072375699100BE1FB3 /* Project object */;
}
